
Microsoft Visual Studio Solution File, Format Version 12.00
Project("{FAE04EC0-301F-11D3-BF4B-00C04F79EFBC}") = "RegistrationForm", "RegistrationForm\RegistrationForm.csproj", "{798879A0-C4B8-4121-992A-8E9A2BF65BAB}"
EndProject
Global
	GlobalSection(SolutionConfigurationPlatforms) = preSolution
		Debug|Any CPU = Debug|Any CPU
		Release|Any CPU = Release|Any CPU
	EndGlobalSection
	GlobalSection(ProjectConfigurationPlatforms) = postSolution
		{798879A0-C4B8-4121-992A-8E9A2BF65BAB}.Debug|Any CPU.ActiveCfg = Debug|Any CPU
		{798879A0-C4B8-4121-992A-8E9A2BF65BAB}.Debug|Any CPU.Build.0 = Debug|Any CPU
		{798879A0-C4B8-4121-992A-8E9A2BF65BAB}.Release|Any CPU.ActiveCfg = Release|Any CPU
		{798879A0-C4B8-4121-992A-8E9A2BF65BAB}.Release|Any CPU.Build.0 = Release|Any CPU
	EndGlobalSection
EndGlobal
